# This file is automatically @generated by Cargo.
# It is not intended for manual editing.
version = 4

[[package]]
name = "cin"
version = "0.2.0"
source = "registry+https://github.com/rust-lang/crates.io-index"
checksum = "6854931bd93d51ada82797001d38d927f47668ed92c199bf1515bea7e703f5d2"

[[package]]
name = "exec43"
version = "0.1.0"
dependencies = [
 "cin",
]
